
Microsoft Visual Studio Solution File, Format Version 12.00
# Visual Studio 15
VisualStudioVersion = 15.0.26730.15
MinimumVisualStudioVersion = 10.0.40219.1
Project("{888888A0-9F3D-457C-B088-3A5042F75D52}") = "Lab1", "Python\Lab1.pyproj", "{09858079-96F3-4528-9CC5-410EAEF5F5E7}"
EndProject
Project("{888888A0-9F3D-457C-B088-3A5042F75D52}") = "lab2", "lab2\lab2.pyproj", "{43604911-3DD3-45E8-B63F-693C75BF8F66}"
EndProject
Global
	GlobalSection(SolutionConfigurationPlatforms) = preSolution
		Debug|Any CPU = Debug|Any CPU
		Release|Any CPU = Release|Any CPU
	EndGlobalSection
	GlobalSection(ProjectConfigurationPlatforms) = postSolution
		{09858079-96F3-4528-9CC5-410EAEF5F5E7}.Debug|Any CPU.ActiveCfg = Debug|Any CPU
		{09858079-96F3-4528-9CC5-410EAEF5F5E7}.Release|Any CPU.ActiveCfg = Release|Any CPU
		{43604911-3DD3-45E8-B63F-693C75BF8F66}.Debug|Any CPU.ActiveCfg = Debug|Any CPU
		{43604911-3DD3-45E8-B63F-693C75BF8F66}.Release|Any CPU.ActiveCfg = Release|Any CPU
	EndGlobalSection
	GlobalSection(SolutionProperties) = preSolution
		HideSolutionNode = FALSE
	EndGlobalSection
	GlobalSection(ExtensibilityGlobals) = postSolution
		SolutionGuid = {7E99A300-DB34-4705-9084-DAEC117EDF07}
	EndGlobalSection
EndGlobal
