
Microsoft Visual Studio Solution File, Format Version 12.00
# Visual Studio 15
VisualStudioVersion = 15.0.27004.2008
MinimumVisualStudioVersion = 10.0.40219.1
Project("{888888A0-9F3D-457C-B088-3A5042F75D52}") = "Lab1", "Python\Lab1.pyproj", "{09858079-96F3-4528-9CC5-410EAEF5F5E7}"
EndProject
Project("{888888A0-9F3D-457C-B088-3A5042F75D52}") = "lab2", "lab2\lab2.pyproj", "{43604911-3DD3-45E8-B63F-693C75BF8F66}"
EndProject
Project("{888888A0-9F3D-457C-B088-3A5042F75D52}") = "lab3", "lab3\lab3.pyproj", "{6C759779-424C-46CD-8C99-C9C83AB04ED9}"
EndProject
Project("{888888A0-9F3D-457C-B088-3A5042F75D52}") = "10print", "10print\10print.pyproj", "{75A99D40-14C4-43B7-A940-BB0949743D39}"
EndProject
Project("{888888A0-9F3D-457C-B088-3A5042F75D52}") = "lab4", "lab4\lab4.pyproj", "{FD6F82A4-BE7C-44F9-90CF-973A2B6C4C76}"
EndProject
Project("{888888A0-9F3D-457C-B088-3A5042F75D52}") = "lab5", "lab5\lab5.pyproj", "{53C9D7CA-F5C8-4E50-9955-9DF0D78389D3}"
EndProject
Project("{888888A0-9F3D-457C-B088-3A5042F75D52}") = "lab6", "lab6\lab6.pyproj", "{519E0AB1-C2FB-48CA-8FC1-E02E37361852}"
EndProject
Project("{888888A0-9F3D-457C-B088-3A5042F75D52}") = "lab7", "lab7\lab7.pyproj", "{F35F11B1-B4FE-4CCC-9EC1-0B5120935E6A}"
EndProject
Global
	GlobalSection(SolutionConfigurationPlatforms) = preSolution
		Debug|Any CPU = Debug|Any CPU
		Release|Any CPU = Release|Any CPU
	EndGlobalSection
	GlobalSection(ProjectConfigurationPlatforms) = postSolution
		{09858079-96F3-4528-9CC5-410EAEF5F5E7}.Debug|Any CPU.ActiveCfg = Debug|Any CPU
		{09858079-96F3-4528-9CC5-410EAEF5F5E7}.Release|Any CPU.ActiveCfg = Release|Any CPU
		{43604911-3DD3-45E8-B63F-693C75BF8F66}.Debug|Any CPU.ActiveCfg = Debug|Any CPU
		{43604911-3DD3-45E8-B63F-693C75BF8F66}.Release|Any CPU.ActiveCfg = Release|Any CPU
		{6C759779-424C-46CD-8C99-C9C83AB04ED9}.Debug|Any CPU.ActiveCfg = Debug|Any CPU
		{6C759779-424C-46CD-8C99-C9C83AB04ED9}.Release|Any CPU.ActiveCfg = Release|Any CPU
		{75A99D40-14C4-43B7-A940-BB0949743D39}.Debug|Any CPU.ActiveCfg = Debug|Any CPU
		{75A99D40-14C4-43B7-A940-BB0949743D39}.Release|Any CPU.ActiveCfg = Release|Any CPU
		{FD6F82A4-BE7C-44F9-90CF-973A2B6C4C76}.Debug|Any CPU.ActiveCfg = Debug|Any CPU
		{FD6F82A4-BE7C-44F9-90CF-973A2B6C4C76}.Release|Any CPU.ActiveCfg = Release|Any CPU
		{53C9D7CA-F5C8-4E50-9955-9DF0D78389D3}.Debug|Any CPU.ActiveCfg = Debug|Any CPU
		{53C9D7CA-F5C8-4E50-9955-9DF0D78389D3}.Release|Any CPU.ActiveCfg = Release|Any CPU
		{519E0AB1-C2FB-48CA-8FC1-E02E37361852}.Debug|Any CPU.ActiveCfg = Debug|Any CPU
		{519E0AB1-C2FB-48CA-8FC1-E02E37361852}.Release|Any CPU.ActiveCfg = Release|Any CPU
		{F35F11B1-B4FE-4CCC-9EC1-0B5120935E6A}.Debug|Any CPU.ActiveCfg = Debug|Any CPU
		{F35F11B1-B4FE-4CCC-9EC1-0B5120935E6A}.Release|Any CPU.ActiveCfg = Release|Any CPU
	EndGlobalSection
	GlobalSection(SolutionProperties) = preSolution
		HideSolutionNode = FALSE
	EndGlobalSection
	GlobalSection(ExtensibilityGlobals) = postSolution
		SolutionGuid = {7E99A300-DB34-4705-9084-DAEC117EDF07}
	EndGlobalSection
EndGlobal
